// !$*UTF8*$!
{
	archiveVersion = 1;
	classes = {
	};
	objectVersion = 46;
	objects = {

/* Begin PBXBuildFile section */
		F1786B3F194690E900358A9D /* Foundation.framework in Frameworks */ = {isa = PBXBuildFile; fileRef = F1786B3E194690E900358A9D /* Foundation.framework */; };
		F1786B41194690E900358A9D /* CoreGraphics.framework in Frameworks */ = {isa = PBXBuildFile; fileRef = F1786B40194690E900358A9D /* CoreGraphics.framework */; };
		F1786B43194690E900358A9D /* UIKit.framework in Frameworks */ = {isa = PBXBuildFile; fileRef = F1786B42194690E900358A9D /* UIKit.framework */; };
		F1786B49194690E900358A9D /* InfoPlist.strings in Resources */ = {isa = PBXBuildFile; fileRef = F1786B47194690E900358A9D /* InfoPlist.strings */; };
		F1786B4B194690E900358A9D /* main.m in Sources */ = {isa = PBXBuildFile; fileRef = F1786B4A194690E900358A9D /* main.m */; };
		F1786B4F194690E900358A9D /* BIDAppDelegate.m in Sources */ = {isa = PBXBuildFile; fileRef = F1786B4E194690E900358A9D /* BIDAppDelegate.m */; };
		F1786B51194690E900358A9D /* Images.xcassets in Resources */ = {isa = PBXBuildFile; fileRef = F1786B50194690E900358A9D /* Images.xcassets */; };
		F1786B58194690E900358A9D /* XCTest.framework in Frameworks */ = {isa = PBXBuildFile; fileRef = F1786B57194690E900358A9D /* XCTest.framework */; };
		F1786B59194690E900358A9D /* Foundation.framework in Frameworks */ = {isa = PBXBuildFile; fileRef = F1786B3E194690E900358A9D /* Foundation.framework */; };
		F1786B5A194690E900358A9D /* UIKit.framework in Frameworks */ = {isa = PBXBuildFile; fileRef = F1786B42194690E900358A9D /* UIKit.framework */; };
		F1786B62194690E900358A9D /* InfoPlist.strings in Resources */ = {isa = PBXBuildFile; fileRef = F1786B60194690E900358A9D /* InfoPlist.strings */; };
		F1786B64194690E900358A9D /* ReadWritLockTestTests.m in Sources */ = {isa = PBXBuildFile; fileRef = F1786B63194690E900358A9D /* ReadWritLockTestTests.m */; };
		F1786B701946911000358A9D /* BIDViewController.m in Sources */ = {isa = PBXBuildFile; fileRef = F1786B6E1946911000358A9D /* BIDViewController.m */; };
		F1786B711946911000358A9D /* BIDViewController.xib in Resources */ = {isa = PBXBuildFile; fileRef = F1786B6F1946911000358A9D /* BIDViewController.xib */; };
		F1786BBE1946920900358A9D /* .copyarea.db in Resources */ = {isa = PBXBuildFile; fileRef = F1786B781946920900358A9D /* .copyarea.db */; };
		F1786BBF1946920900358A9D /* .copyarea.db in Resources */ = {isa = PBXBuildFile; fileRef = F1786B841946920900358A9D /* .copyarea.db */; };
		F1786BC01946920900358A9D /* .copyarea.db in Resources */ = {isa = PBXBuildFile; fileRef = F1786B8A1946920900358A9D /* .copyarea.db */; };
		F1786BC11946920900358A9D /* .copyarea.db in Resources */ = {isa = PBXBuildFile; fileRef = F1786BAA1946920900358A9D /* .copyarea.db */; };
		F1786BC21946920900358A9D /* _version.cxx in Sources */ = {isa = PBXBuildFile; fileRef = F1786BAC1946920900358A9D /* _version.cxx */; };
		F1786BC31946920900358A9D /* base64.cpp in Sources */ = {isa = PBXBuildFile; fileRef = F1786BAD1946920900358A9D /* base64.cpp */; };
		F1786BC41946920900358A9D /* CompMgr.cpp in Sources */ = {isa = PBXBuildFile; fileRef = F1786BAE1946920900358A9D /* CompMgr.cpp */; };
		F1786BC51946920900358A9D /* Component.cpp in Sources */ = {isa = PBXBuildFile; fileRef = F1786BAF1946920900358A9D /* Component.cpp */; };
		F1786BC61946920900358A9D /* ConfigFile.cpp in Sources */ = {isa = PBXBuildFile; fileRef = F1786BB01946920900358A9D /* ConfigFile.cpp */; };
		F1786BC71946920900358A9D /* CycleList.cpp in Sources */ = {isa = PBXBuildFile; fileRef = F1786BB11946920900358A9D /* CycleList.cpp */; };
		F1786BC81946920900358A9D /* DynamicLoader.cpp in Sources */ = {isa = PBXBuildFile; fileRef = F1786BB21946920900358A9D /* DynamicLoader.cpp */; };
		F1786BC91946920900358A9D /* EncryptDecryptOptiMax.cpp in Sources */ = {isa = PBXBuildFile; fileRef = F1786BB31946920900358A9D /* EncryptDecryptOptiMax.cpp */; };
		F1786BCA1946920900358A9D /* Errorlog.cpp in Sources */ = {isa = PBXBuildFile; fileRef = F1786BB41946920900358A9D /* Errorlog.cpp */; };
		F1786BCB1946920900358A9D /* logfile.cpp in Sources */ = {isa = PBXBuildFile; fileRef = F1786BB51946920900358A9D /* logfile.cpp */; };
		F1786BCC1946920900358A9D /* LoggerStream.cpp in Sources */ = {isa = PBXBuildFile; fileRef = F1786BB61946920900358A9D /* LoggerStream.cpp */; };
		F1786BCD1946920900358A9D /* Mutex.cpp in Sources */ = {isa = PBXBuildFile; fileRef = F1786BB71946920900358A9D /* Mutex.cpp */; };
		F1786BCE1946920900358A9D /* ParameterHelper.cpp in Sources */ = {isa = PBXBuildFile; fileRef = F1786BB81946920900358A9D /* ParameterHelper.cpp */; };
		F1786BCF1946920900358A9D /* PubFunc.cpp in Sources */ = {isa = PBXBuildFile; fileRef = F1786BB91946920900358A9D /* PubFunc.cpp */; };
		F1786BD01946920900358A9D /* SessionMessage.cpp in Sources */ = {isa = PBXBuildFile; fileRef = F1786BBA1946920900358A9D /* SessionMessage.cpp */; };
		F1786BD11946920900358A9D /* Utils.cpp in Sources */ = {isa = PBXBuildFile; fileRef = F1786BBB1946920900358A9D /* Utils.cpp */; };
/* End PBXBuildFile section */

/* Begin PBXContainerItemProxy section */
		F1786B5B194690E900358A9D /* PBXContainerItemProxy */ = {
			isa = PBXContainerItemProxy;
			containerPortal = F1786B33194690E800358A9D /* Project object */;
			proxyType = 1;
			remoteGlobalIDString = F1786B3A194690E900358A9D;
			remoteInfo = ReadWritLockTest;
		};
/* End PBXContainerItemProxy section */

/* Begin PBXFileReference section */
		F1786B3B194690E900358A9D /* ReadWritLockTest.app */ = {isa = PBXFileReference; explicitFileType = wrapper.application; includeInIndex = 0; path = ReadWritLockTest.app; sourceTree = BUILT_PRODUCTS_DIR; };
		F1786B3E194690E900358A9D /* Foundation.framework */ = {isa = PBXFileReference; lastKnownFileType = wrapper.framework; name = Foundation.framework; path = System/Library/Frameworks/Foundation.framework; sourceTree = SDKROOT; };
		F1786B40194690E900358A9D /* CoreGraphics.framework */ = {isa = PBXFileReference; lastKnownFileType = wrapper.framework; name = CoreGraphics.framework; path = System/Library/Frameworks/CoreGraphics.framework; sourceTree = SDKROOT; };
		F1786B42194690E900358A9D /* UIKit.framework */ = {isa = PBXFileReference; lastKnownFileType = wrapper.framework; name = UIKit.framework; path = System/Library/Frameworks/UIKit.framework; sourceTree = SDKROOT; };
		F1786B46194690E900358A9D /* ReadWritLockTest-Info.plist */ = {isa = PBXFileReference; lastKnownFileType = text.plist.xml; path = "ReadWritLockTest-Info.plist"; sourceTree = "<group>"; };
		F1786B48194690E900358A9D /* en */ = {isa = PBXFileReference; lastKnownFileType = text.plist.strings; name = en; path = en.lproj/InfoPlist.strings; sourceTree = "<group>"; };
		F1786B4A194690E900358A9D /* main.m */ = {isa = PBXFileReference; lastKnownFileType = sourcecode.c.objc; path = main.m; sourceTree = "<group>"; };
		F1786B4C194690E900358A9D /* ReadWritLockTest-Prefix.pch */ = {isa = PBXFileReference; lastKnownFileType = sourcecode.c.h; path = "ReadWritLockTest-Prefix.pch"; sourceTree = "<group>"; };
		F1786B4D194690E900358A9D /* BIDAppDelegate.h */ = {isa = PBXFileReference; lastKnownFileType = sourcecode.c.h; path = BIDAppDelegate.h; sourceTree = "<group>"; };
		F1786B4E194690E900358A9D /* BIDAppDelegate.m */ = {isa = PBXFileReference; lastKnownFileType = sourcecode.c.objc; path = BIDAppDelegate.m; sourceTree = "<group>"; };
		F1786B50194690E900358A9D /* Images.xcassets */ = {isa = PBXFileReference; lastKnownFileType = folder.assetcatalog; path = Images.xcassets; sourceTree = "<group>"; };
		F1786B56194690E900358A9D /* ReadWritLockTestTests.xctest */ = {isa = PBXFileReference; explicitFileType = wrapper.cfbundle; includeInIndex = 0; path = ReadWritLockTestTests.xctest; sourceTree = BUILT_PRODUCTS_DIR; };
		F1786B57194690E900358A9D /* XCTest.framework */ = {isa = PBXFileReference; lastKnownFileType = wrapper.framework; name = XCTest.framework; path = Library/Frameworks/XCTest.framework; sourceTree = DEVELOPER_DIR; };
		F1786B5F194690E900358A9D /* ReadWritLockTestTests-Info.plist */ = {isa = PBXFileReference; lastKnownFileType = text.plist.xml; path = "ReadWritLockTestTests-Info.plist"; sourceTree = "<group>"; };
		F1786B61194690E900358A9D /* en */ = {isa = PBXFileReference; lastKnownFileType = text.plist.strings; name = en; path = en.lproj/InfoPlist.strings; sourceTree = "<group>"; };
		F1786B63194690E900358A9D /* ReadWritLockTestTests.m */ = {isa = PBXFileReference; lastKnownFileType = sourcecode.c.objc; path = ReadWritLockTestTests.m; sourceTree = "<group>"; };
		F1786B6D1946911000358A9D /* BIDViewController.h */ = {isa = PBXFileReference; fileEncoding = 4; lastKnownFileType = sourcecode.c.h; path = BIDViewController.h; sourceTree = "<group>"; };
		F1786B6E1946911000358A9D /* BIDViewController.m */ = {isa = PBXFileReference; fileEncoding = 4; lastKnownFileType = sourcecode.c.objc; path = BIDViewController.m; sourceTree = "<group>"; };
		F1786B6F1946911000358A9D /* BIDViewController.xib */ = {isa = PBXFileReference; fileEncoding = 4; lastKnownFileType = file.xib; path = BIDViewController.xib; sourceTree = "<group>"; };
		F1786B731946920900358A9D /* atomic_op.h */ = {isa = PBXFileReference; fileEncoding = 4; lastKnownFileType = sourcecode.c.h; path = atomic_op.h; sourceTree = "<group>"; };
		F1786B741946920900358A9D /* atomic_op.hpp */ = {isa = PBXFileReference; fileEncoding = 4; lastKnownFileType = sourcecode.cpp.h; path = atomic_op.hpp; sourceTree = "<group>"; };
		F1786B751946920900358A9D /* AutoBuffer.h */ = {isa = PBXFileReference; fileEncoding = 4; lastKnownFileType = sourcecode.c.h; path = AutoBuffer.h; sourceTree = "<group>"; };
		F1786B761946920900358A9D /* base64.h */ = {isa = PBXFileReference; fileEncoding = 4; lastKnownFileType = sourcecode.c.h; path = base64.h; sourceTree = "<group>"; };
		F1786B781946920900358A9D /* .copyarea.db */ = {isa = PBXFileReference; fileEncoding = 4; lastKnownFileType = text; path = .copyarea.db; sourceTree = "<group>"; };
		F1786B791946920900358A9D /* SessionMessage.h */ = {isa = PBXFileReference; fileEncoding = 4; lastKnownFileType = sourcecode.c.h; path = SessionMessage.h; sourceTree = "<group>"; };
		F1786B7A1946920900358A9D /* CompMgr.h */ = {isa = PBXFileReference; fileEncoding = 4; lastKnownFileType = sourcecode.c.h; path = CompMgr.h; sourceTree = "<group>"; };
		F1786B7B1946920900358A9D /* Component.h */ = {isa = PBXFileReference; fileEncoding = 4; lastKnownFileType = sourcecode.c.h; path = Component.h; sourceTree = "<group>"; };
		F1786B7C1946920900358A9D /* ConfigFile.h */ = {isa = PBXFileReference; fileEncoding = 4; lastKnownFileType = sourcecode.c.h; path = ConfigFile.h; sourceTree = "<group>"; };
		F1786B7D1946920900358A9D /* CycleList.h */ = {isa = PBXFileReference; fileEncoding = 4; lastKnownFileType = sourcecode.c.h; path = CycleList.h; sourceTree = "<group>"; };
		F1786B7E1946920900358A9D /* DynamicLoader.h */ = {isa = PBXFileReference; fileEncoding = 4; lastKnownFileType = sourcecode.c.h; path = DynamicLoader.h; sourceTree = "<group>"; };
		F1786B7F1946920900358A9D /* EncryptDecryptFunc.h */ = {isa = PBXFileReference; fileEncoding = 4; lastKnownFileType = sourcecode.c.h; path = EncryptDecryptFunc.h; sourceTree = "<group>"; };
		F1786B801946920900358A9D /* error_def.h */ = {isa = PBXFileReference; fileEncoding = 4; lastKnownFileType = sourcecode.c.h; path = error_def.h; sourceTree = "<group>"; };
		F1786B811946920900358A9D /* error_handler.hpp */ = {isa = PBXFileReference; fileEncoding = 4; lastKnownFileType = sourcecode.cpp.h; path = error_handler.hpp; sourceTree = "<group>"; };
		F1786B821946920900358A9D /* Errorlog.h */ = {isa = PBXFileReference; fileEncoding = 4; lastKnownFileType = sourcecode.c.h; path = Errorlog.h; sourceTree = "<group>"; };
		F1786B841946920900358A9D /* .copyarea.db */ = {isa = PBXFileReference; fileEncoding = 4; lastKnownFileType = text; path = .copyarea.db; sourceTree = "<group>"; };
		F1786B851946920900358A9D /* atomic_op.h */ = {isa = PBXFileReference; fileEncoding = 4; lastKnownFileType = sourcecode.c.h; path = atomic_op.h; sourceTree = "<group>"; };
		F1786B861946920900358A9D /* atomic_op.hpp */ = {isa = PBXFileReference; fileEncoding = 4; lastKnownFileType = sourcecode.cpp.h; path = atomic_op.hpp; sourceTree = "<group>"; };
		F1786B871946920900358A9D /* AutoBuffer.h */ = {isa = PBXFileReference; fileEncoding = 4; lastKnownFileType = sourcecode.c.h; path = AutoBuffer.h; sourceTree = "<group>"; };
		F1786B881946920900358A9D /* base64.h */ = {isa = PBXFileReference; fileEncoding = 4; lastKnownFileType = sourcecode.c.h; path = base64.h; sourceTree = "<group>"; };
		F1786B8A1946920900358A9D /* .copyarea.db */ = {isa = PBXFileReference; fileEncoding = 4; lastKnownFileType = text; path = .copyarea.db; sourceTree = "<group>"; };
		F1786B8B1946920900358A9D /* SessionMessage.h */ = {isa = PBXFileReference; fileEncoding = 4; lastKnownFileType = sourcecode.c.h; path = SessionMessage.h; sourceTree = "<group>"; };
		F1786B8C1946920900358A9D /* CompMgr.h */ = {isa = PBXFileReference; fileEncoding = 4; lastKnownFileType = sourcecode.c.h; path = CompMgr.h; sourceTree = "<group>"; };
		F1786B8D1946920900358A9D /* Component.h */ = {isa = PBXFileReference; fileEncoding = 4; lastKnownFileType = sourcecode.c.h; path = Component.h; sourceTree = "<group>"; };
		F1786B8E1946920900358A9D /* ConfigFile.h */ = {isa = PBXFileReference; fileEncoding = 4; lastKnownFileType = sourcecode.c.h; path = ConfigFile.h; sourceTree = "<group>"; };
		F1786B8F1946920900358A9D /* CycleList.h */ = {isa = PBXFileReference; fileEncoding = 4; lastKnownFileType = sourcecode.c.h; path = CycleList.h; sourceTree = "<group>"; };
		F1786B901946920900358A9D /* DynamicLoader.h */ = {isa = PBXFileReference; fileEncoding = 4; lastKnownFileType = sourcecode.c.h; path = DynamicLoader.h; sourceTree = "<group>"; };
		F1786B911946920900358A9D /* EncryptDecryptFunc.h */ = {isa = PBXFileReference; fileEncoding = 4; lastKnownFileType = sourcecode.c.h; path = EncryptDecryptFunc.h; sourceTree = "<group>"; };
		F1786B921946920900358A9D /* error_def.h */ = {isa = PBXFileReference; fileEncoding = 4; lastKnownFileType = sourcecode.c.h; path = error_def.h; sourceTree = "<group>"; };
		F1786B931946920900358A9D /* error_handler.hpp */ = {isa = PBXFileReference; fileEncoding = 4; lastKnownFileType = sourcecode.cpp.h; path = error_handler.hpp; sourceTree = "<group>"; };
		F1786B941946920900358A9D /* Errorlog.h */ = {isa = PBXFileReference; fileEncoding = 4; lastKnownFileType = sourcecode.c.h; path = Errorlog.h; sourceTree = "<group>"; };
		F1786B951946920900358A9D /* logfile.h */ = {isa = PBXFileReference; fileEncoding = 4; lastKnownFileType = sourcecode.c.h; path = logfile.h; sourceTree = "<group>"; };
		F1786B961946920900358A9D /* LoggerStream.h */ = {isa = PBXFileReference; fileEncoding = 4; lastKnownFileType = sourcecode.c.h; path = LoggerStream.h; sourceTree = "<group>"; };
		F1786B971946920900358A9D /* Mutex.h */ = {isa = PBXFileReference; fileEncoding = 4; lastKnownFileType = sourcecode.c.h; path = Mutex.h; sourceTree = "<group>"; };
		F1786B981946920900358A9D /* MutexLock.h */ = {isa = PBXFileReference; fileEncoding = 4; lastKnownFileType = sourcecode.c.h; path = MutexLock.h; sourceTree = "<group>"; };
		F1786B991946920900358A9D /* ParameterHelper.h */ = {isa = PBXFileReference; fileEncoding = 4; lastKnownFileType = sourcecode.c.h; path = ParameterHelper.h; sourceTree = "<group>"; };
		F1786B9A1946920900358A9D /* PubFunc.h */ = {isa = PBXFileReference; fileEncoding = 4; lastKnownFileType = sourcecode.c.h; path = PubFunc.h; sourceTree = "<group>"; };
		F1786B9B1946920900358A9D /* SessionKey.h */ = {isa = PBXFileReference; fileEncoding = 4; lastKnownFileType = sourcecode.c.h; path = SessionKey.h; sourceTree = "<group>"; };
		F1786B9C1946920900358A9D /* Singleton.h */ = {isa = PBXFileReference; fileEncoding = 4; lastKnownFileType = sourcecode.c.h; path = Singleton.h; sourceTree = "<group>"; };
		F1786B9D1946920900358A9D /* SmartPtr.h */ = {isa = PBXFileReference; fileEncoding = 4; lastKnownFileType = sourcecode.c.h; path = SmartPtr.h; sourceTree = "<group>"; };
		F1786B9E1946920900358A9D /* Utils.h */ = {isa = PBXFileReference; fileEncoding = 4; lastKnownFileType = sourcecode.c.h; path = Utils.h; sourceTree = "<group>"; };
		F1786B9F1946920900358A9D /* VersionInfo.h */ = {isa = PBXFileReference; fileEncoding = 4; lastKnownFileType = sourcecode.c.h; path = VersionInfo.h; sourceTree = "<group>"; };
		F1786BA01946920900358A9D /* logfile.h */ = {isa = PBXFileReference; fileEncoding = 4; lastKnownFileType = sourcecode.c.h; path = logfile.h; sourceTree = "<group>"; };
		F1786BA11946920900358A9D /* LoggerStream.h */ = {isa = PBXFileReference; fileEncoding = 4; lastKnownFileType = sourcecode.c.h; path = LoggerStream.h; sourceTree = "<group>"; };
		F1786BA21946920900358A9D /* Mutex.h */ = {isa = PBXFileReference; fileEncoding = 4; lastKnownFileType = sourcecode.c.h; path = Mutex.h; sourceTree = "<group>"; };
		F1786BA31946920900358A9D /* MutexLock.h */ = {isa = PBXFileReference; fileEncoding = 4; lastKnownFileType = sourcecode.c.h; path = MutexLock.h; sourceTree = "<group>"; };
		F1786BA41946920900358A9D /* ParameterHelper.h */ = {isa = PBXFileReference; fileEncoding = 4; lastKnownFileType = sourcecode.c.h; path = ParameterHelper.h; sourceTree = "<group>"; };
		F1786BA51946920900358A9D /* PubFunc.h */ = {isa = PBXFileReference; fileEncoding = 4; lastKnownFileType = sourcecode.c.h; path = PubFunc.h; sourceTree = "<group>"; };
		F1786BA61946920900358A9D /* SessionKey.h */ = {isa = PBXFileReference; fileEncoding = 4; lastKnownFileType = sourcecode.c.h; path = SessionKey.h; sourceTree = "<group>"; };
		F1786BA71946920900358A9D /* Singleton.h */ = {isa = PBXFileReference; fileEncoding = 4; lastKnownFileType = sourcecode.c.h; path = Singleton.h; sourceTree = "<group>"; };
		F1786BA81946920900358A9D /* SmartPtr.h */ = {isa = PBXFileReference; fileEncoding = 4; lastKnownFileType = sourcecode.c.h; path = SmartPtr.h; sourceTree = "<group>"; };
		F1786BAA1946920900358A9D /* .copyarea.db */ = {isa = PBXFileReference; fileEncoding = 4; lastKnownFileType = text; path = .copyarea.db; sourceTree = "<group>"; };
		F1786BAC1946920900358A9D /* _version.cxx */ = {isa = PBXFileReference; fileEncoding = 4; lastKnownFileType = sourcecode.cpp.cpp; path = _version.cxx; sourceTree = "<group>"; };
		F1786BAD1946920900358A9D /* base64.cpp */ = {isa = PBXFileReference; fileEncoding = 4; lastKnownFileType = sourcecode.cpp.cpp; path = base64.cpp; sourceTree = "<group>"; };
		F1786BAE1946920900358A9D /* CompMgr.cpp */ = {isa = PBXFileReference; fileEncoding = 4; lastKnownFileType = sourcecode.cpp.cpp; path = CompMgr.cpp; sourceTree = "<group>"; };
		F1786BAF1946920900358A9D /* Component.cpp */ = {isa = PBXFileReference; fileEncoding = 4; lastKnownFileType = sourcecode.cpp.cpp; path = Component.cpp; sourceTree = "<group>"; };
		F1786BB01946920900358A9D /* ConfigFile.cpp */ = {isa = PBXFileReference; fileEncoding = 4; lastKnownFileType = sourcecode.cpp.cpp; path = ConfigFile.cpp; sourceTree = "<group>"; };
		F1786BB11946920900358A9D /* CycleList.cpp */ = {isa = PBXFileReference; fileEncoding = 4; lastKnownFileType = sourcecode.cpp.cpp; path = CycleList.cpp; sourceTree = "<group>"; };
		F1786BB21946920900358A9D /* DynamicLoader.cpp */ = {isa = PBXFileReference; fileEncoding = 4; lastKnownFileType = sourcecode.cpp.cpp; path = DynamicLoader.cpp; sourceTree = "<group>"; };
		F1786BB31946920900358A9D /* EncryptDecryptOptiMax.cpp */ = {isa = PBXFileReference; fileEncoding = 4; lastKnownFileType = sourcecode.cpp.cpp; path = EncryptDecryptOptiMax.cpp; sourceTree = "<group>"; };
		F1786BB41946920900358A9D /* Errorlog.cpp */ = {isa = PBXFileReference; fileEncoding = 4; lastKnownFileType = sourcecode.cpp.cpp; path = Errorlog.cpp; sourceTree = "<group>"; };
		F1786BB51946920900358A9D /* logfile.cpp */ = {isa = PBXFileReference; fileEncoding = 4; lastKnownFileType = sourcecode.cpp.cpp; path = logfile.cpp; sourceTree = "<group>"; };
		F1786BB61946920900358A9D /* LoggerStream.cpp */ = {isa = PBXFileReference; fileEncoding = 4; lastKnownFileType = sourcecode.cpp.cpp; path = LoggerStream.cpp; sourceTree = "<group>"; };
		F1786BB71946920900358A9D /* Mutex.cpp */ = {isa = PBXFileReference; fileEncoding = 4; lastKnownFileType = sourcecode.cpp.cpp; path = Mutex.cpp; sourceTree = "<group>"; };
		F1786BB81946920900358A9D /* ParameterHelper.cpp */ = {isa = PBXFileReference; fileEncoding = 4; lastKnownFileType = sourcecode.cpp.cpp; path = ParameterHelper.cpp; sourceTree = "<group>"; };
		F1786BB91946920900358A9D /* PubFunc.cpp */ = {isa = PBXFileReference; fileEncoding = 4; lastKnownFileType = sourcecode.cpp.cpp; path = PubFunc.cpp; sourceTree = "<group>"; };
		F1786BBA1946920900358A9D /* SessionMessage.cpp */ = {isa = PBXFileReference; fileEncoding = 4; lastKnownFileType = sourcecode.cpp.cpp; path = SessionMessage.cpp; sourceTree = "<group>"; };
		F1786BBB1946920900358A9D /* Utils.cpp */ = {isa = PBXFileReference; fileEncoding = 4; lastKnownFileType = sourcecode.cpp.cpp; path = Utils.cpp; sourceTree = "<group>"; };
		F1786BBC1946920900358A9D /* Utils.h */ = {isa = PBXFileReference; fileEncoding = 4; lastKnownFileType = sourcecode.c.h; path = Utils.h; sourceTree = "<group>"; };
		F1786BBD1946920900358A9D /* VersionInfo.h */ = {isa = PBXFileReference; fileEncoding = 4; lastKnownFileType = sourcecode.c.h; path = VersionInfo.h; sourceTree = "<group>"; };
/* End PBXFileReference section */

/* Begin PBXFrameworksBuildPhase section */
		F1786B38194690E900358A9D /* Frameworks */ = {
			isa = PBXFrameworksBuildPhase;
			buildActionMask = 2147483647;
			files = (
				F1786B41194690E900358A9D /* CoreGraphics.framework in Frameworks */,
				F1786B43194690E900358A9D /* UIKit.framework in Frameworks */,
				F1786B3F194690E900358A9D /* Foundation.framework in Frameworks */,
			);
			runOnlyForDeploymentPostprocessing = 0;
		};
		F1786B53194690E900358A9D /* Frameworks */ = {
			isa = PBXFrameworksBuildPhase;
			buildActionMask = 2147483647;
			files = (
				F1786B58194690E900358A9D /* XCTest.framework in Frameworks */,
				F1786B5A194690E900358A9D /* UIKit.framework in Frameworks */,
				F1786B59194690E900358A9D /* Foundation.framework in Frameworks */,
			);
			runOnlyForDeploymentPostprocessing = 0;
		};
/* End PBXFrameworksBuildPhase section */

/* Begin PBXGroup section */
		F1786B32194690E800358A9D = {
			isa = PBXGroup;
			children = (
				F1786B44194690E900358A9D /* ReadWritLockTest */,
				F1786B5D194690E900358A9D /* ReadWritLockTestTests */,
				F1786B3D194690E900358A9D /* Frameworks */,
				F1786B3C194690E900358A9D /* Products */,
				F1786B721946920900358A9D /* UTILITY */,
			);
			sourceTree = "<group>";
		};
		F1786B3C194690E900358A9D /* Products */ = {
			isa = PBXGroup;
			children = (
				F1786B3B194690E900358A9D /* ReadWritLockTest.app */,
				F1786B56194690E900358A9D /* ReadWritLockTestTests.xctest */,
			);
			name = Products;
			sourceTree = "<group>";
		};
		F1786B3D194690E900358A9D /* Frameworks */ = {
			isa = PBXGroup;
			children = (
				F1786B3E194690E900358A9D /* Foundation.framework */,
				F1786B40194690E900358A9D /* CoreGraphics.framework */,
				F1786B42194690E900358A9D /* UIKit.framework */,
				F1786B57194690E900358A9D /* XCTest.framework */,
			);
			name = Frameworks;
			sourceTree = "<group>";
		};
		F1786B44194690E900358A9D /* ReadWritLockTest */ = {
			isa = PBXGroup;
			children = (
				F1786B4D194690E900358A9D /* BIDAppDelegate.h */,
				F1786B6D1946911000358A9D /* BIDViewController.h */,
				F1786B6E1946911000358A9D /* BIDViewController.m */,
				F1786B6F1946911000358A9D /* BIDViewController.xib */,
				F1786B4E194690E900358A9D /* BIDAppDelegate.m */,
				F1786B50194690E900358A9D /* Images.xcassets */,
				F1786B45194690E900358A9D /* Supporting Files */,
			);
			path = ReadWritLockTest;
			sourceTree = "<group>";
		};
		F1786B45194690E900358A9D /* Supporting Files */ = {
			isa = PBXGroup;
			children = (
				F1786B46194690E900358A9D /* ReadWritLockTest-Info.plist */,
				F1786B47194690E900358A9D /* InfoPlist.strings */,
				F1786B4A194690E900358A9D /* main.m */,
				F1786B4C194690E900358A9D /* ReadWritLockTest-Prefix.pch */,
			);
			name = "Supporting Files";
			sourceTree = "<group>";
		};
		F1786B5D194690E900358A9D /* ReadWritLockTestTests */ = {
			isa = PBXGroup;
			children = (
				F1786B63194690E900358A9D /* ReadWritLockTestTests.m */,
				F1786B5E194690E900358A9D /* Supporting Files */,
			);
			path = ReadWritLockTestTests;
			sourceTree = "<group>";
		};
		F1786B5E194690E900358A9D /* Supporting Files */ = {
			isa = PBXGroup;
			children = (
				F1786B5F194690E900358A9D /* ReadWritLockTestTests-Info.plist */,
				F1786B60194690E900358A9D /* InfoPlist.strings */,
			);
			name = "Supporting Files";
			sourceTree = "<group>";
		};
		F1786B721946920900358A9D /* UTILITY */ = {
			isa = PBXGroup;
			children = (
				F1786B731946920900358A9D /* atomic_op.h */,
				F1786B741946920900358A9D /* atomic_op.hpp */,
				F1786B751946920900358A9D /* AutoBuffer.h */,
				F1786B761946920900358A9D /* base64.h */,
				F1786B771946920900358A9D /* CFETS */,
				F1786B7A1946920900358A9D /* CompMgr.h */,
				F1786B7B1946920900358A9D /* Component.h */,
				F1786B7C1946920900358A9D /* ConfigFile.h */,
				F1786B7D1946920900358A9D /* CycleList.h */,
				F1786B7E1946920900358A9D /* DynamicLoader.h */,
				F1786B7F1946920900358A9D /* EncryptDecryptFunc.h */,
				F1786B801946920900358A9D /* error_def.h */,
				F1786B811946920900358A9D /* error_handler.hpp */,
				F1786B821946920900358A9D /* Errorlog.h */,
				F1786B831946920900358A9D /* include */,
				F1786BA01946920900358A9D /* logfile.h */,
				F1786BA11946920900358A9D /* LoggerStream.h */,
				F1786BA21946920900358A9D /* Mutex.h */,
				F1786BA31946920900358A9D /* MutexLock.h */,
				F1786BA41946920900358A9D /* ParameterHelper.h */,
				F1786BA51946920900358A9D /* PubFunc.h */,
				F1786BA61946920900358A9D /* SessionKey.h */,
				F1786BA71946920900358A9D /* Singleton.h */,
				F1786BA81946920900358A9D /* SmartPtr.h */,
				F1786BBC1946920900358A9D /* Utils.h */,
				F1786BBD1946920900358A9D /* VersionInfo.h */,
				F1786BA91946920900358A9D /* src */,
			);
			path = UTILITY;
			sourceTree = "<group>";
		};
		F1786B771946920900358A9D /* CFETS */ = {
			isa = PBXGroup;
			children = (
				F1786B791946920900358A9D /* SessionMessage.h */,
				F1786B781946920900358A9D /* .copyarea.db */,
			);
			path = CFETS;
			sourceTree = "<group>";
		};
		F1786B831946920900358A9D /* include */ = {
			isa = PBXGroup;
			children = (
				F1786B841946920900358A9D /* .copyarea.db */,
				F1786B851946920900358A9D /* atomic_op.h */,
				F1786B861946920900358A9D /* atomic_op.hpp */,
				F1786B871946920900358A9D /* AutoBuffer.h */,
				F1786B881946920900358A9D /* base64.h */,
				F1786B891946920900358A9D /* CFETS */,
				F1786B8C1946920900358A9D /* CompMgr.h */,
				F1786B8D1946920900358A9D /* Component.h */,
				F1786B8E1946920900358A9D /* ConfigFile.h */,
				F1786B8F1946920900358A9D /* CycleList.h */,
				F1786B901946920900358A9D /* DynamicLoader.h */,
				F1786B911946920900358A9D /* EncryptDecryptFunc.h */,
				F1786B921946920900358A9D /* error_def.h */,
				F1786B931946920900358A9D /* error_handler.hpp */,
				F1786B941946920900358A9D /* Errorlog.h */,
				F1786B951946920900358A9D /* logfile.h */,
				F1786B961946920900358A9D /* LoggerStream.h */,
				F1786B971946920900358A9D /* Mutex.h */,
				F1786B981946920900358A9D /* MutexLock.h */,
				F1786B991946920900358A9D /* ParameterHelper.h */,
				F1786B9A1946920900358A9D /* PubFunc.h */,
				F1786B9B1946920900358A9D /* SessionKey.h */,
				F1786B9C1946920900358A9D /* Singleton.h */,
				F1786B9D1946920900358A9D /* SmartPtr.h */,
				F1786B9E1946920900358A9D /* Utils.h */,
				F1786B9F1946920900358A9D /* VersionInfo.h */,
			);
			path = include;
			sourceTree = "<group>";
		};
		F1786B891946920900358A9D /* CFETS */ = {
			isa = PBXGroup;
			children = (
				F1786B8A1946920900358A9D /* .copyarea.db */,
				F1786B8B1946920900358A9D /* SessionMessage.h */,
			);
			path = CFETS;
			sourceTree = "<group>";
		};
		F1786BA91946920900358A9D /* src */ = {
			isa = PBXGroup;
			children = (
				F1786BAA1946920900358A9D /* .copyarea.db */,
				F1786BAB1946920900358A9D /* .version */,
				F1786BAD1946920900358A9D /* base64.cpp */,
				F1786BAE1946920900358A9D /* CompMgr.cpp */,
				F1786BAF1946920900358A9D /* Component.cpp */,
				F1786BB01946920900358A9D /* ConfigFile.cpp */,
				F1786BB11946920900358A9D /* CycleList.cpp */,
				F1786BB21946920900358A9D /* DynamicLoader.cpp */,
				F1786BB31946920900358A9D /* EncryptDecryptOptiMax.cpp */,
				F1786BB41946920900358A9D /* Errorlog.cpp */,
				F1786BB51946920900358A9D /* logfile.cpp */,
				F1786BB61946920900358A9D /* LoggerStream.cpp */,
				F1786BB71946920900358A9D /* Mutex.cpp */,
				F1786BB81946920900358A9D /* ParameterHelper.cpp */,
				F1786BB91946920900358A9D /* PubFunc.cpp */,
				F1786BBA1946920900358A9D /* SessionMessage.cpp */,
				F1786BBB1946920900358A9D /* Utils.cpp */,
			);
			path = src;
			sourceTree = "<group>";
		};
		F1786BAB1946920900358A9D /* .version */ = {
			isa = PBXGroup;
			children = (
				F1786BAC1946920900358A9D /* _version.cxx */,
			);
			path = .version;
			sourceTree = "<group>";
		};
/* End PBXGroup section */

/* Begin PBXNativeTarget section */
		F1786B3A194690E900358A9D /* ReadWritLockTest */ = {
			isa = PBXNativeTarget;
			buildConfigurationList = F1786B67194690E900358A9D /* Build configuration list for PBXNativeTarget "ReadWritLockTest" */;
			buildPhases = (
				F1786B37194690E900358A9D /* Sources */,
				F1786B38194690E900358A9D /* Frameworks */,
				F1786B39194690E900358A9D /* Resources */,
			);
			buildRules = (
			);
			dependencies = (
			);
			name = ReadWritLockTest;
			productName = ReadWritLockTest;
			productReference = F1786B3B194690E900358A9D /* ReadWritLockTest.app */;
			productType = "com.apple.product-type.application";
		};
		F1786B55194690E900358A9D /* ReadWritLockTestTests */ = {
			isa = PBXNativeTarget;
			buildConfigurationList = F1786B6A194690E900358A9D /* Build configuration list for PBXNativeTarget "ReadWritLockTestTests" */;
			buildPhases = (
				F1786B52194690E900358A9D /* Sources */,
				F1786B53194690E900358A9D /* Frameworks */,
				F1786B54194690E900358A9D /* Resources */,
			);
			buildRules = (
			);
			dependencies = (
				F1786B5C194690E900358A9D /* PBXTargetDependency */,
			);
			name = ReadWritLockTestTests;
			productName = ReadWritLockTestTests;
			productReference = F1786B56194690E900358A9D /* ReadWritLockTestTests.xctest */;
			productType = "com.apple.product-type.bundle.unit-test";
		};
/* End PBXNativeTarget section */

/* Begin PBXProject section */
		F1786B33194690E800358A9D /* Project object */ = {
			isa = PBXProject;
			attributes = {
				CLASSPREFIX = BID;
				LastUpgradeCheck = 0500;
				ORGANIZATIONNAME = zhukunjie;
				TargetAttributes = {
					F1786B55194690E900358A9D = {
						TestTargetID = F1786B3A194690E900358A9D;
					};
				};
			};
			buildConfigurationList = F1786B36194690E800358A9D /* Build configuration list for PBXProject "ReadWritLockTest" */;
			compatibilityVersion = "Xcode 3.2";
			developmentRegion = English;
			hasScannedForEncodings = 0;
			knownRegions = (
				en,
			);
			mainGroup = F1786B32194690E800358A9D;
			productRefGroup = F1786B3C194690E900358A9D /* Products */;
			projectDirPath = "";
			projectRoot = "";
			targets = (
				F1786B3A194690E900358A9D /* ReadWritLockTest */,
				F1786B55194690E900358A9D /* ReadWritLockTestTests */,
			);
		};
/* End PBXProject section */

/* Begin PBXResourcesBuildPhase section */
		F1786B39194690E900358A9D /* Resources */ = {
			isa = PBXResourcesBuildPhase;
			buildActionMask = 2147483647;
			files = (
				F1786BC01946920900358A9D /* .copyarea.db in Resources */,
				F1786BC11946920900358A9D /* .copyarea.db in Resources */,
				F1786B711946911000358A9D /* BIDViewController.xib in Resources */,
				F1786B49194690E900358A9D /* InfoPlist.strings in Resources */,
				F1786BBF1946920900358A9D /* .copyarea.db in Resources */,
				F1786BBE1946920900358A9D /* .copyarea.db in Resources */,
				F1786B51194690E900358A9D /* Images.xcassets in Resources */,
			);
			runOnlyForDeploymentPostprocessing = 0;
		};
		F1786B54194690E900358A9D /* Resources */ = {
			isa = PBXResourcesBuildPhase;
			buildActionMask = 2147483647;
			files = (
				F1786B62194690E900358A9D /* InfoPlist.strings in Resources */,
			);
			runOnlyForDeploymentPostprocessing = 0;
		};
/* End PBXResourcesBuildPhase section */

/* Begin PBXSourcesBuildPhase section */
		F1786B37194690E900358A9D /* Sources */ = {
			isa = PBXSourcesBuildPhase;
			buildActionMask = 2147483647;
			files = (
				F1786B4F194690E900358A9D /* BIDAppDelegate.m in Sources */,
				F1786BC41946920900358A9D /* CompMgr.cpp in Sources */,
				F1786BC81946920900358A9D /* DynamicLoader.cpp in Sources */,
				F1786BCD1946920900358A9D /* Mutex.cpp in Sources */,
				F1786BC51946920900358A9D /* Component.cpp in Sources */,
				F1786BCE1946920900358A9D /* ParameterHelper.cpp in Sources */,
				F1786B701946911000358A9D /* BIDViewController.m in Sources */,
				F1786BCA1946920900358A9D /* Errorlog.cpp in Sources */,
				F1786BD11946920900358A9D /* Utils.cpp in Sources */,
				F1786BCF1946920900358A9D /* PubFunc.cpp in Sources */,
				F1786BC21946920900358A9D /* _version.cxx in Sources */,
				F1786BC91946920900358A9D /* EncryptDecryptOptiMax.cpp in Sources */,
				F1786BCB1946920900358A9D /* logfile.cpp in Sources */,
				F1786BCC1946920900358A9D /* LoggerStream.cpp in Sources */,
				F1786BC61946920900358A9D /* ConfigFile.cpp in Sources */,
				F1786BC31946920900358A9D /* base64.cpp in Sources */,
				F1786B4B194690E900358A9D /* main.m in Sources */,
				F1786BD01946920900358A9D /* SessionMessage.cpp in Sources */,
				F1786BC71946920900358A9D /* CycleList.cpp in Sources */,
			);
			runOnlyForDeploymentPostprocessing = 0;
		};
		F1786B52194690E900358A9D /* Sources */ = {
			isa = PBXSourcesBuildPhase;
			buildActionMask = 2147483647;
			files = (
				F1786B64194690E900358A9D /* ReadWritLockTestTests.m in Sources */,
			);
			runOnlyForDeploymentPostprocessing = 0;
		};
/* End PBXSourcesBuildPhase section */

/* Begin PBXTargetDependency section */
		F1786B5C194690E900358A9D /* PBXTargetDependency */ = {
			isa = PBXTargetDependency;
			target = F1786B3A194690E900358A9D /* ReadWritLockTest */;
			targetProxy = F1786B5B194690E900358A9D /* PBXContainerItemProxy */;
		};
/* End PBXTargetDependency section */

/* Begin PBXVariantGroup section */
		F1786B47194690E900358A9D /* InfoPlist.strings */ = {
			isa = PBXVariantGroup;
			children = (
				F1786B48194690E900358A9D /* en */,
			);
			name = InfoPlist.strings;
			sourceTree = "<group>";
		};
		F1786B60194690E900358A9D /* InfoPlist.strings */ = {
			isa = PBXVariantGroup;
			children = (
				F1786B61194690E900358A9D /* en */,
			);
			name = InfoPlist.strings;
			sourceTree = "<group>";
		};
/* End PBXVariantGroup section */

/* Begin XCBuildConfiguration section */
		F1786B65194690E900358A9D /* Debug */ = {
			isa = XCBuildConfiguration;
			buildSettings = {
				ALWAYS_SEARCH_USER_PATHS = NO;
				CLANG_CXX_LANGUAGE_STANDARD = "gnu++0x";
				CLANG_CXX_LIBRARY = "libc++";
				CLANG_ENABLE_MODULES = YES;
				CLANG_ENABLE_OBJC_ARC = YES;
				CLANG_WARN_BOOL_CONVERSION = YES;
				CLANG_WARN_CONSTANT_CONVERSION = YES;
				CLANG_WARN_DIRECT_OBJC_ISA_USAGE = YES_ERROR;
				CLANG_WARN_EMPTY_BODY = YES;
				CLANG_WARN_ENUM_CONVERSION = YES;
				CLANG_WARN_INT_CONVERSION = YES;
				CLANG_WARN_OBJC_ROOT_CLASS = YES_ERROR;
				CLANG_WARN__DUPLICATE_METHOD_MATCH = YES;
				"CODE_SIGN_IDENTITY[sdk=iphoneos*]" = "iPhone Developer";
				COPY_PHASE_STRIP = NO;
				GCC_C_LANGUAGE_STANDARD = gnu99;
				GCC_DYNAMIC_NO_PIC = NO;
				GCC_OPTIMIZATION_LEVEL = 0;
				GCC_PREPROCESSOR_DEFINITIONS = (
					"DEBUG=1",
					"$(inherited)",
				);
				GCC_SYMBOLS_PRIVATE_EXTERN = NO;
				GCC_WARN_ABOUT_RETURN_TYPE = YES_ERROR;
				GCC_WARN_UNDECLARED_SELECTOR = YES;
				GCC_WARN_UNINITIALIZED_AUTOS = YES;
				GCC_WARN_UNUSED_FUNCTION = YES;
				GCC_WARN_UNUSED_VARIABLE = YES;
				IPHONEOS_DEPLOYMENT_TARGET = 7.0;
				ONLY_ACTIVE_ARCH = YES;
				SDKROOT = iphoneos;
			};
			name = Debug;
		};
		F1786B66194690E900358A9D /* Release */ = {
			isa = XCBuildConfiguration;
			buildSettings = {
				ALWAYS_SEARCH_USER_PATHS = NO;
				CLANG_CXX_LANGUAGE_STANDARD = "gnu++0x";
				CLANG_CXX_LIBRARY = "libc++";
				CLANG_ENABLE_MODULES = YES;
				CLANG_ENABLE_OBJC_ARC = YES;
				CLANG_WARN_BOOL_CONVERSION = YES;
				CLANG_WARN_CONSTANT_CONVERSION = YES;
				CLANG_WARN_DIRECT_OBJC_ISA_USAGE = YES_ERROR;
				CLANG_WARN_EMPTY_BODY = YES;
				CLANG_WARN_ENUM_CONVERSION = YES;
				CLANG_WARN_INT_CONVERSION = YES;
				CLANG_WARN_OBJC_ROOT_CLASS = YES_ERROR;
				CLANG_WARN__DUPLICATE_METHOD_MATCH = YES;
				"CODE_SIGN_IDENTITY[sdk=iphoneos*]" = "iPhone Developer";
				COPY_PHASE_STRIP = YES;
				ENABLE_NS_ASSERTIONS = NO;
				GCC_C_LANGUAGE_STANDARD = gnu99;
				GCC_WARN_ABOUT_RETURN_TYPE = YES_ERROR;
				GCC_WARN_UNDECLARED_SELECTOR = YES;
				GCC_WARN_UNINITIALIZED_AUTOS = YES;
				GCC_WARN_UNUSED_FUNCTION = YES;
				GCC_WARN_UNUSED_VARIABLE = YES;
				IPHONEOS_DEPLOYMENT_TARGET = 7.0;
				SDKROOT = iphoneos;
				VALIDATE_PRODUCT = YES;
			};
			name = Release;
		};
		F1786B68194690E900358A9D /* Debug */ = {
			isa = XCBuildConfiguration;
			buildSettings = {
				ASSETCATALOG_COMPILER_APPICON_NAME = AppIcon;
				ASSETCATALOG_COMPILER_LAUNCHIMAGE_NAME = LaunchImage;
				GCC_INPUT_FILETYPE = sourcecode.cpp.objcpp;
				GCC_PRECOMPILE_PREFIX_HEADER = YES;
				GCC_PREFIX_HEADER = "ReadWritLockTest/ReadWritLockTest-Prefix.pch";
				HEADER_SEARCH_PATHS = "$(UTILITY)";
				INFOPLIST_FILE = "ReadWritLockTest/ReadWritLockTest-Info.plist";
				PRODUCT_NAME = "$(TARGET_NAME)";
				WRAPPER_EXTENSION = app;
			};
			name = Debug;
		};
		F1786B69194690E900358A9D /* Release */ = {
			isa = XCBuildConfiguration;
			buildSettings = {
				ASSETCATALOG_COMPILER_APPICON_NAME = AppIcon;
				ASSETCATALOG_COMPILER_LAUNCHIMAGE_NAME = LaunchImage;
				GCC_INPUT_FILETYPE = sourcecode.cpp.objcpp;
				GCC_PRECOMPILE_PREFIX_HEADER = YES;
				GCC_PREFIX_HEADER = "ReadWritLockTest/ReadWritLockTest-Prefix.pch";
				HEADER_SEARCH_PATHS = "$(UTILITY)";
				INFOPLIST_FILE = "ReadWritLockTest/ReadWritLockTest-Info.plist";
				PRODUCT_NAME = "$(TARGET_NAME)";
				WRAPPER_EXTENSION = app;
			};
			name = Release;
		};
		F1786B6B194690E900358A9D /* Debug */ = {
			isa = XCBuildConfiguration;
			buildSettings = {
				BUNDLE_LOADER = "$(BUILT_PRODUCTS_DIR)/ReadWritLockTest.app/ReadWritLockTest";
				FRAMEWORK_SEARCH_PATHS = (
					"$(SDKROOT)/Developer/Library/Frameworks",
					"$(inherited)",
					"$(SYSTEM_APPS_DIR)/Xcode5-DP.app/Contents/Developer/Library/Frameworks",
				);
				GCC_PRECOMPILE_PREFIX_HEADER = YES;
				GCC_PREFIX_HEADER = "ReadWritLockTest/ReadWritLockTest-Prefix.pch";
				GCC_PREPROCESSOR_DEFINITIONS = (
					"DEBUG=1",
					"$(inherited)",
				);
				INFOPLIST_FILE = "ReadWritLockTestTests/ReadWritLockTestTests-Info.plist";
				PRODUCT_NAME = "$(TARGET_NAME)";
				TEST_HOST = "$(BUNDLE_LOADER)";
				WRAPPER_EXTENSION = xctest;
			};
			name = Debug;
		};
		F1786B6C194690E900358A9D /* Release */ = {
			isa = XCBuildConfiguration;
			buildSettings = {
				BUNDLE_LOADER = "$(BUILT_PRODUCTS_DIR)/ReadWritLockTest.app/ReadWritLockTest";
				FRAMEWORK_SEARCH_PATHS = (
					"$(SDKROOT)/Developer/Library/Frameworks",
					"$(inherited)",
					"$(SYSTEM_APPS_DIR)/Xcode5-DP.app/Contents/Developer/Library/Frameworks",
				);
				GCC_PRECOMPILE_PREFIX_HEADER = YES;
				GCC_PREFIX_HEADER = "ReadWritLockTest/ReadWritLockTest-Prefix.pch";
				INFOPLIST_FILE = "ReadWritLockTestTests/ReadWritLockTestTests-Info.plist";
				PRODUCT_NAME = "$(TARGET_NAME)";
				TEST_HOST = "$(BUNDLE_LOADER)";
				WRAPPER_EXTENSION = xctest;
			};
			name = Release;
		};
/* End XCBuildConfiguration section */

/* Begin XCConfigurationList section */
		F1786B36194690E800358A9D /* Build configuration list for PBXProject "ReadWritLockTest" */ = {
			isa = XCConfigurationList;
			buildConfigurations = (
				F1786B65194690E900358A9D /* Debug */,
				F1786B66194690E900358A9D /* Release */,
			);
			defaultConfigurationIsVisible = 0;
			defaultConfigurationName = Release;
		};
		F1786B67194690E900358A9D /* Build configuration list for PBXNativeTarget "ReadWritLockTest" */ = {
			isa = XCConfigurationList;
			buildConfigurations = (
				F1786B68194690E900358A9D /* Debug */,
				F1786B69194690E900358A9D /* Release */,
			);
			defaultConfigurationIsVisible = 0;
		};
		F1786B6A194690E900358A9D /* Build configuration list for PBXNativeTarget "ReadWritLockTestTests" */ = {
			isa = XCConfigurationList;
			buildConfigurations = (
				F1786B6B194690E900358A9D /* Debug */,
				F1786B6C194690E900358A9D /* Release */,
			);
			defaultConfigurationIsVisible = 0;
		};
/* End XCConfigurationList section */
	};
	rootObject = F1786B33194690E800358A9D /* Project object */;
}
